<?xml version="1.0" encoding="utf-8"?>
<Project ToolsVersion="4.0" xmlns="http://schemas.microsoft.com/developer/msbuild/2003">
  <ItemGroup>
    <Filter Include="소스 파일">
      <UniqueIdentifier>{4FC737F1-C7A5-4376-A066-2A32D752A2FF}</UniqueIdentifier>
      <Extensions>cpp;c;cc;cxx;c++;cppm;ixx;def;odl;idl;hpj;bat;asm;asmx</Extensions>
    </Filter>
    <Filter Include="헤더 파일">
      <UniqueIdentifier>{93995380-89BD-4b04-88EB-625FBE52EBFB}</UniqueIdentifier>
      <Extensions>h;hh;hpp;hxx;h++;hm;inl;inc;ipp;xsd</Extensions>
    </Filter>
    <Filter Include="리소스 파일">
      <UniqueIdentifier>{67DA6AB6-F800-4c08-8B7A-83BB121AAD01}</UniqueIdentifier>
      <Extensions>rc;ico;cur;bmp;dlg;rc2;rct;bin;rgs;gif;jpg;jpeg;jpe;resx;tiff;tif;png;wav;mfcribbon-ms</Extensions>
    </Filter>
    <Filter Include="소스 파일\CameraObj">
      <UniqueIdentifier>{ca7ecad5-1a10-4f1a-a1de-3f21e165bb22}</UniqueIdentifier>
    </Filter>
    <Filter Include="소스 파일\Player, Item, Enemy">
      <UniqueIdentifier>{db6dd07b-ebef-4bb5-8c97-2328e8c23739}</UniqueIdentifier>
    </Filter>
    <Filter Include="소스 파일\Player, Item, Enemy\Player">
      <UniqueIdentifier>{d9885253-c8f6-4a3d-9f9c-7645e8347a66}</UniqueIdentifier>
    </Filter>
    <Filter Include="소스 파일\Scene">
      <UniqueIdentifier>{d3df4425-af78-43c0-9054-6b3814c1f775}</UniqueIdentifier>
    </Filter>
    <Filter Include="소스 파일\Control">
      <UniqueIdentifier>{1f20ebd3-e439-46b3-9657-69ba024b19a0}</UniqueIdentifier>
    </Filter>
    <Filter Include="소스 파일\Control\Keyboard">
      <UniqueIdentifier>{1f9c771a-d38b-4152-8d77-a483cf78b389}</UniqueIdentifier>
    </Filter>
    <Filter Include="소스 파일\Lone_mercenary">
      <UniqueIdentifier>{bb1985cb-7ea6-4048-94ee-aee3262a8e4d}</UniqueIdentifier>
    </Filter>
    <Filter Include="소스 파일\MainApp">
      <UniqueIdentifier>{4bdeb109-382e-4eb0-9079-72f70e3c8f22}</UniqueIdentifier>
    </Filter>
    <Filter Include="소스 파일\MeshBase">
      <UniqueIdentifier>{167f1a0e-5918-4407-9787-fdb94eadc036}</UniqueIdentifier>
    </Filter>
    <Filter Include="소스 파일\Control\Mouse">
      <UniqueIdentifier>{451bf5b7-47ed-4bc2-be1c-d1917f07c07a}</UniqueIdentifier>
    </Filter>
    <Filter Include="소스 파일\Player, Item, Enemy\Enemy">
      <UniqueIdentifier>{11025b69-463f-4672-a9db-d8c37712bc80}</UniqueIdentifier>
    </Filter>
    <Filter Include="소스 파일\Player, Item, Enemy\Enemy\Normal_zombie">
      <UniqueIdentifier>{67bfa052-11c1-4d24-990a-d041c105e0af}</UniqueIdentifier>
    </Filter>
    <Filter Include="소스 파일\Weapon">
      <UniqueIdentifier>{8d370368-e996-46bc-b08d-b99971158c70}</UniqueIdentifier>
    </Filter>
    <Filter Include="소스 파일\ProjObj">
      <UniqueIdentifier>{a8f9fc96-8274-40bb-9097-e94a24b6e793}</UniqueIdentifier>
    </Filter>
    <Filter Include="소스 파일\Shader">
      <UniqueIdentifier>{22f4e8c1-d8d1-4b51-9eca-e038dbc40656}</UniqueIdentifier>
    </Filter>
    <Filter Include="소스 파일\Shader\ShaderFile">
      <UniqueIdentifier>{d4e04793-bc37-4566-8cab-d8b7fd315631}</UniqueIdentifier>
    </Filter>
    <Filter Include="소스 파일\Shader\ShaderProgram">
      <UniqueIdentifier>{0819e532-7ab2-423b-8198-100674a9aad0}</UniqueIdentifier>
    </Filter>
    <Filter Include="소스 파일\ProjObj">
      <UniqueIdentifier>{a8f9fc96-8274-40bb-9097-e94a24b6e793}</UniqueIdentifier>
    </Filter>
    <Filter Include="소스 파일\Shader">
      <UniqueIdentifier>{22f4e8c1-d8d1-4b51-9eca-e038dbc40656}</UniqueIdentifier>
    </Filter>
    <Filter Include="소스 파일\Shader\ShaderFile">
      <UniqueIdentifier>{d4e04793-bc37-4566-8cab-d8b7fd315631}</UniqueIdentifier>
    </Filter>
    <Filter Include="소스 파일\Shader\ShaderProgram">
      <UniqueIdentifier>{0819e532-7ab2-423b-8198-100674a9aad0}</UniqueIdentifier>
    </Filter>
    <Filter Include="소스 파일\Scene\필드">
      <UniqueIdentifier>{fc526d7b-2303-4b7e-8ebb-d5925c632d6a}</UniqueIdentifier>
    </Filter>
    <Filter Include="소스 파일\FieldMap">
      <UniqueIdentifier>{44710171-c00b-4edf-9e08-997ddbca207e}</UniqueIdentifier>
    </Filter>
    <Filter Include="소스 파일\Scene\아이템선택">
      <UniqueIdentifier>{0f7065cd-1bd8-476b-80b3-82867b9ce304}</UniqueIdentifier>
    </Filter>
    <Filter Include="소스 파일\Player, Item, Enemy\ItemBox">
      <UniqueIdentifier>{88e4fc4e-ad90-4718-a667-776e98e65613}</UniqueIdentifier>
    </Filter>
    <Filter Include="소스 파일\GameTimer">
      <UniqueIdentifier>{317d0254-10c9-4171-982d-363e17d76a4f}</UniqueIdentifier>
    </Filter>
    <Filter Include="소스 파일\cubeMap">
      <UniqueIdentifier>{5a64d1d9-d041-4457-87bc-4fd60946e1d3}</UniqueIdentifier>
    </Filter>
    <Filter Include="소스 파일\Scene\title">
      <UniqueIdentifier>{5bf9495b-d60c-42bd-9c2f-63367d73ef9e}</UniqueIdentifier>
    </Filter>
    <Filter Include="소스 파일\Scene\playerUI">
      <UniqueIdentifier>{d36a52bc-f4d8-4391-a6b8-b0f8d0285a78}</UniqueIdentifier>
    </Filter>
    <Filter Include="소스 파일\Scene\scoreboard">
      <UniqueIdentifier>{29baf6fb-a48a-4b1b-a257-1326466d85bb}</UniqueIdentifier>
    </Filter>
    <Filter Include="소스 파일\Timeplus">
      <UniqueIdentifier>{a267a667-6369-4416-ad75-f4fbdfc1c131}</UniqueIdentifier>
    </Filter>
    <Filter Include="소스 파일\Fmod sound">
      <UniqueIdentifier>{5a713e41-f3f1-441b-b8bc-8946cff34b85}</UniqueIdentifier>
    </Filter>
  </ItemGroup>
  <ItemGroup>
    <ClCompile Include="CameraObj.cpp">
      <Filter>소스 파일\CameraObj</Filter>
    </ClCompile>
    <ClCompile Include="CharacterBase.cpp">
      <Filter>소스 파일\Player, Item, Enemy</Filter>
    </ClCompile>
    <ClCompile Include="FieldMap.cpp">
      <Filter>소스 파일\FieldMap</Filter>
    </ClCompile>
    <ClCompile Include="KeyboardFunc.cpp">
      <Filter>소스 파일\Control\Keyboard</Filter>
    </ClCompile>
    <ClCompile Include="LM.cpp">
      <Filter>소스 파일\Lone_mercenary</Filter>
    </ClCompile>
    <ClCompile Include="MainApp.cpp">
      <Filter>소스 파일\MainApp</Filter>
    </ClCompile>
    <ClCompile Include="Mesh.cpp">
      <Filter>소스 파일\MeshBase</Filter>
    </ClCompile>
    <ClCompile Include="MouseFunc.cpp">
      <Filter>소스 파일\Control\Mouse</Filter>
    </ClCompile>
    <ClCompile Include="NM_zombie.cpp">
      <Filter>소스 파일\Player, Item, Enemy\Enemy\Normal_zombie</Filter>
    </ClCompile>
    <ClCompile Include="Player.cpp">
      <Filter>소스 파일\Player, Item, Enemy\Player</Filter>
    </ClCompile>
    <ClCompile Include="ProjObj.cpp">
      <Filter>소스 파일\ProjObj</Filter>
    </ClCompile>
    <ClCompile Include="ShaderProgram.cpp">
      <Filter>소스 파일\Shader\ShaderProgram</Filter>
    </ClCompile>
    <ClCompile Include="Weapon.cpp">
      <Filter>소스 파일\Weapon</Filter>
    </ClCompile>
    <ClCompile Include="Enemy.cpp">
      <Filter>소스 파일\Player, Item, Enemy\Enemy</Filter>
    </ClCompile>
    <ClCompile Include="Field.cpp">
      <Filter>소스 파일\Scene\필드</Filter>
    </ClCompile>
    <ClCompile Include="Select_Item.cpp">
      <Filter>소스 파일\Scene\아이템선택</Filter>
    </ClCompile>
    <ClCompile Include="ItemBox.cpp">
      <Filter>소스 파일\Player, Item, Enemy\ItemBox</Filter>
    </ClCompile>
    <ClCompile Include="GameTimer.cpp">
      <Filter>소스 파일\GameTimer</Filter>
    </ClCompile>
    <ClCompile Include="CubeMap.cpp">
      <Filter>소스 파일\cubeMap</Filter>
    </ClCompile>
    <ClCompile Include="Title.cpp">
      <Filter>소스 파일\Scene\title</Filter>
    </ClCompile>
    <ClCompile Include="UI.cpp">
      <Filter>소스 파일\Scene\playerUI</Filter>
    </ClCompile>
    <ClCompile Include="ScoreBoard.cpp">
      <Filter>소스 파일\Scene\scoreboard</Filter>
    </ClCompile>
    <ClCompile Include="Timeplus.cpp">
      <Filter>소스 파일\Timeplus</Filter>
    </ClCompile>
    <ClCompile Include="Sound.cpp">
      <Filter>소스 파일\Fmod sound</Filter>
    </ClCompile>
  </ItemGroup>
  <ItemGroup>
    <ClCompile Include="CameraObj.cpp">
      <Filter>소스 파일\CameraObj</Filter>
    </ClCompile>
    <ClCompile Include="CharacterBase.cpp">
      <Filter>소스 파일\Player, Item, Enemy</Filter>
    </ClCompile>
    <ClCompile Include="Field.cpp">
      <Filter>소스 파일\Scene\Field</Filter>
    </ClCompile>
    <ClCompile Include="KeyboardFunc.cpp">
      <Filter>소스 파일\Control\Keyboard</Filter>
    </ClCompile>
    <ClCompile Include="LM.cpp">
      <Filter>소스 파일\Lone_mercenary</Filter>
    </ClCompile>
    <ClCompile Include="MainApp.cpp">
      <Filter>소스 파일\MainApp</Filter>
    </ClCompile>
    <ClCompile Include="Mesh.cpp">
      <Filter>소스 파일\MeshBase</Filter>
    </ClCompile>
    <ClCompile Include="MouseFunc.cpp">
      <Filter>소스 파일\Control\Mouse</Filter>
    </ClCompile>
    <ClCompile Include="NM_zombie.cpp">
      <Filter>소스 파일\Player, Item, Enemy\Enemy\Normal_zombie</Filter>
    </ClCompile>
    <ClCompile Include="Player.cpp">
      <Filter>소스 파일\Player, Item, Enemy\Player</Filter>
    </ClCompile>
    <ClCompile Include="ProjObj.cpp">
      <Filter>소스 파일\ProjObj</Filter>
    </ClCompile>
    <ClCompile Include="ShaderProgram.cpp">
      <Filter>소스 파일\Shader\ShaderProgram</Filter>
    </ClCompile>
  </ItemGroup>
  <ItemGroup>
    <ClInclude Include="CameraObj.h">
      <Filter>소스 파일\CameraObj</Filter>
    </ClInclude>
    <ClInclude Include="CharacterBase.h">
      <Filter>소스 파일\Player, Item, Enemy</Filter>
    </ClInclude>
    <ClInclude Include="ENUM.h">
      <Filter>헤더 파일</Filter>
    </ClInclude>
    <ClInclude Include="FieldMap.h">
      <Filter>소스 파일\FieldMap</Filter>
    </ClInclude>
    <ClInclude Include="KeyboardFunc.h">
      <Filter>소스 파일\Control\Keyboard</Filter>
    </ClInclude>
    <ClInclude Include="main_define.h">
      <Filter>헤더 파일</Filter>
    </ClInclude>
    <ClInclude Include="MainApp.h">
      <Filter>소스 파일\MainApp</Filter>
    </ClInclude>
    <ClInclude Include="Mesh.h">
      <Filter>소스 파일\MeshBase</Filter>
    </ClInclude>
    <ClInclude Include="Mouse.h">
      <Filter>헤더 파일</Filter>
    </ClInclude>
    <ClInclude Include="MouseFunc.h">
      <Filter>소스 파일\Control\Mouse</Filter>
    </ClInclude>
    <ClInclude Include="NM_zombie.h">
      <Filter>소스 파일\Player, Item, Enemy\Enemy\Normal_zombie</Filter>
    </ClInclude>
    <ClInclude Include="Player.h">
      <Filter>소스 파일\Player, Item, Enemy\Player</Filter>
    </ClInclude>
    <ClInclude Include="ProjObj.h">
      <Filter>소스 파일\ProjObj</Filter>
    </ClInclude>
    <ClInclude Include="stdafx.h">
      <Filter>헤더 파일</Filter>
    </ClInclude>
    <ClInclude Include="ShaderProgram.h">
      <Filter>소스 파일\Shader\ShaderProgram</Filter>
    </ClInclude>
    <ClInclude Include="Weapon.h">
      <Filter>소스 파일\Weapon</Filter>
    </ClInclude>
    <ClInclude Include="Enemy.h">
      <Filter>소스 파일\Player, Item, Enemy\Enemy</Filter>
    </ClInclude>
    <ClInclude Include="NMMesh.h">
      <Filter>소스 파일\Player, Item, Enemy\Enemy\Normal_zombie</Filter>
    </ClInclude>
    <ClInclude Include="stb_image.h">
      <Filter>헤더 파일</Filter>
    </ClInclude>
    <ClInclude Include="Scene.h">
      <Filter>소스 파일\Scene</Filter>
    </ClInclude>
    <ClInclude Include="Field.h">
      <Filter>소스 파일\Scene\필드</Filter>
    </ClInclude>
    <ClInclude Include="Select_Item.h">
      <Filter>소스 파일\Scene\아이템선택</Filter>
    </ClInclude>
    <ClInclude Include="ItemBox.h">
      <Filter>소스 파일\Player, Item, Enemy\ItemBox</Filter>
    </ClInclude>
    <ClInclude Include="GameTimer.h">
      <Filter>소스 파일\GameTimer</Filter>
    </ClInclude>
    <ClInclude Include="CubeMap.h">
      <Filter>소스 파일\cubeMap</Filter>
    </ClInclude>
    <ClInclude Include="Title.h">
      <Filter>소스 파일\Scene\title</Filter>
    </ClInclude>
    <ClInclude Include="UI.h">
      <Filter>소스 파일\Scene\playerUI</Filter>
    </ClInclude>
    <ClInclude Include="ScoreBoard.h">
      <Filter>소스 파일\Scene\scoreboard</Filter>
    </ClInclude>
    <ClInclude Include="Timeplus.h">
      <Filter>소스 파일\Timeplus</Filter>
    </ClInclude>
    <ClInclude Include="Sound.h">
      <Filter>소스 파일\Fmod sound</Filter>
    </ClInclude>
  </ItemGroup>
  <ItemGroup>
    <None Include="ShaderFile\FragmentShader.glsl">
      <Filter>소스 파일\Shader\ShaderFile</Filter>
    </None>
    <None Include="ShaderFile\VertexShader.glsl">
      <Filter>소스 파일\Shader\ShaderFile</Filter>
    </None>
  </ItemGroup>
</Project>